
Microsoft Visual Studio Solution File, Format Version 12.00
# Visual Studio Version 16
VisualStudioVersion = 16.0.30114.105
MinimumVisualStudioVersion = 10.0.40219.1
Project("{FAE04EC0-301F-11D3-BF4B-00C04F79EFBC}") = "Src", "Src\Src.csproj", "{E4A0D46C-C4BB-48C1-B6E5-9E8356E6EED0}"
EndProject
Project("{FAE04EC0-301F-11D3-BF4B-00C04F79EFBC}") = "Test", "Test\Test.csproj", "{8A340E08-DFA7-4F81-9C85-D942DE1749F8}"
EndProject
Global
	GlobalSection(SolutionConfigurationPlatforms) = preSolution
		Debug|Any CPU = Debug|Any CPU
		Release|Any CPU = Release|Any CPU
	EndGlobalSection
	GlobalSection(SolutionProperties) = preSolution
		HideSolutionNode = FALSE
	EndGlobalSection
	GlobalSection(ProjectConfigurationPlatforms) = postSolution
		{E4A0D46C-C4BB-48C1-B6E5-9E8356E6EED0}.Debug|Any CPU.ActiveCfg = Debug|Any CPU
		{E4A0D46C-C4BB-48C1-B6E5-9E8356E6EED0}.Debug|Any CPU.Build.0 = Debug|Any CPU
		{E4A0D46C-C4BB-48C1-B6E5-9E8356E6EED0}.Release|Any CPU.ActiveCfg = Release|Any CPU
		{E4A0D46C-C4BB-48C1-B6E5-9E8356E6EED0}.Release|Any CPU.Build.0 = Release|Any CPU
		{8A340E08-DFA7-4F81-9C85-D942DE1749F8}.Debug|Any CPU.ActiveCfg = Debug|Any CPU
		{8A340E08-DFA7-4F81-9C85-D942DE1749F8}.Debug|Any CPU.Build.0 = Debug|Any CPU
		{8A340E08-DFA7-4F81-9C85-D942DE1749F8}.Release|Any CPU.ActiveCfg = Release|Any CPU
		{8A340E08-DFA7-4F81-9C85-D942DE1749F8}.Release|Any CPU.Build.0 = Release|Any CPU
	EndGlobalSection
EndGlobal
